<?xml version="1.0" encoding="UTF-8"?>
<!DOCTYPE plist PUBLIC "-//Apple//DTD PLIST 1.0//EN" "http://www.apple.com/DTDs/PropertyList-1.0.dtd">
<plist version="1.0">
<dict>
	<key>archiveVersion</key>
	<string>1</string>
	<key>classes</key>
	<dict/>
	<key>objectVersion</key>
	<string>46</string>
	<key>objects</key>
	<dict>
		<key>044A328D4C35496480251F09</key>
		<dict>
			<key>fileEncoding</key>
			<string>4</string>
			<key>isa</key>
			<string>PBXFileReference</string>
			<key>lastKnownFileType</key>
			<string>text.plist.strings</string>
			<key>name</key>
			<string>info.plist</string>
			<key>path</key>
			<string>../../../AppCanPluginTools-iOS/resource/IDEPluginProjectPackageResource/info.plist</string>
			<key>sourceTree</key>
			<string>&lt;group&gt;</string>
		</dict>
		<key>0A17936E698D6B4E80A9E2AC</key>
		<dict>
			<key>fileEncoding</key>
			<string>4</string>
			<key>isa</key>
			<string>PBXFileReference</string>
			<key>lastKnownFileType</key>
			<string>archive.ar</string>
			<key>name</key>
			<string>libc++.tbd</string>
			<key>path</key>
			<string>usr/lib/libc++.tbd</string>
			<key>sourceTree</key>
			<string>SDKROOT</string>
		</dict>
		<key>0DFB037ED029AE392E5D1E0B</key>
		<dict>
			<key>fileEncoding</key>
			<string>4</string>
			<key>isa</key>
			<string>PBXFileReference</string>
			<key>lastKnownFileType</key>
			<string>archive.ar</string>
			<key>name</key>
			<string>libsqlite3.tbd</string>
			<key>path</key>
			<string>usr/lib/libsqlite3.tbd</string>
			<key>sourceTree</key>
			<string>SDKROOT</string>
		</dict>
		<key>10CD74D3E8943F9BF9582791</key>
		<dict>
			<key>fileEncoding</key>
			<string>4</string>
			<key>isa</key>
			<string>PBXFileReference</string>
			<key>lastKnownFileType</key>
			<string>wrapper.framework</string>
			<key>name</key>
			<string>CFNetWork.framework</string>
			<key>path</key>
			<string>System/Library/Frameworks/CFNetWork.framework</string>
			<key>sourceTree</key>
			<string>SDKROOT</string>
		</dict>
		<key>11448B20D92341D2CCD74F3F</key>
		<dict>
			<key>fileEncoding</key>
			<string>4</string>
			<key>isa</key>
			<string>PBXFileReference</string>
			<key>lastKnownFileType</key>
			<string>wrapper.framework</string>
			<key>name</key>
			<string>QuartzCore.framework</string>
			<key>path</key>
			<string>System/Library/Frameworks/QuartzCore.framework</string>
			<key>sourceTree</key>
			<string>SDKROOT</string>
		</dict>
		<key>152BBAA2F342727E1FCC14A8</key>
		<dict>
			<key>fileEncoding</key>
			<string>4</string>
			<key>isa</key>
			<string>PBXFileReference</string>
			<key>lastKnownFileType</key>
			<string>wrapper.framework</string>
			<key>name</key>
			<string>SystemConfiguration.framework</string>
			<key>path</key>
			<string>System/Library/Frameworks/SystemConfiguration.framework</string>
			<key>sourceTree</key>
			<string>SDKROOT</string>
		</dict>
		<key>18D5D142A2D81A8880AE8A5E</key>
		<dict>
			<key>fileRef</key>
			<string>152BBAA2F342727E1FCC14A8</string>
			<key>isa</key>
			<string>PBXBuildFile</string>
		</dict>
		<key>1CFE7256260B0F2F04C011F6</key>
		<dict>
			<key>fileEncoding</key>
			<string>4</string>
			<key>isa</key>
			<string>PBXFileReference</string>
			<key>lastKnownFileType</key>
			<string>wrapper.framework</string>
			<key>name</key>
			<string>AudioToolbox.framework</string>
			<key>path</key>
			<string>System/Library/Frameworks/AudioToolbox.framework</string>
			<key>sourceTree</key>
			<string>SDKROOT</string>
		</dict>
		<key>2D5C96AA0698ADED212B89DD</key>
		<dict>
			<key>fileRef</key>
			<string>4D94F01176707C5E274B2472</string>
			<key>isa</key>
			<string>PBXBuildFile</string>
		</dict>
		<key>3286346B34B9CB1D85E7ECD3</key>
		<dict>
			<key>fileRef</key>
			<string>D80A897DAA10E3CD92600F21</string>
			<key>isa</key>
			<string>PBXBuildFile</string>
		</dict>
		<key>33DC66A9246A981B4CDCAC62</key>
		<dict>
			<key>fileRef</key>
			<string>1CFE7256260B0F2F04C011F6</string>
			<key>isa</key>
			<string>PBXBuildFile</string>
		</dict>
		<key>35C7CAD3EF93A0CEC95CCAEF</key>
		<dict>
			<key>fileEncoding</key>
			<string>4</string>
			<key>isa</key>
			<string>PBXFileReference</string>
			<key>lastKnownFileType</key>
			<string>wrapper.framework</string>
			<key>name</key>
			<string>AppCanEngine.framework</string>
			<key>path</key>
			<string>../../../AppCanPluginTools-iOS/resource/IDEPluginProjectPackageResource/AppCanEngine.framework</string>
			<key>sourceTree</key>
			<string>&lt;group&gt;</string>
		</dict>
		<key>38CE9B7767AF95F950F84E9E</key>
		<dict>
			<key>fileRef</key>
			<string>B096A6A525BD7AA55A723D20</string>
			<key>isa</key>
			<string>PBXBuildFile</string>
		</dict>
		<key>39D3097D559BBF935D25B035</key>
		<dict>
			<key>fileRef</key>
			<string>F01AC6BE23081FC3516AB3B3</string>
			<key>isa</key>
			<string>PBXBuildFile</string>
		</dict>
		<key>3B9DE82D5F32262F1B53ACE1</key>
		<dict>
			<key>fileEncoding</key>
			<string>4</string>
			<key>isa</key>
			<string>PBXFileReference</string>
			<key>lastKnownFileType</key>
			<string>wrapper.framework</string>
			<key>name</key>
			<string>ImageIO.framework</string>
			<key>path</key>
			<string>System/Library/Frameworks/ImageIO.framework</string>
			<key>sourceTree</key>
			<string>SDKROOT</string>
		</dict>
		<key>3BEFCBC840C4EE3CE8C74DA5</key>
		<dict>
			<key>fileRef</key>
			<string>C92D93AC419415C628965D74</string>
			<key>isa</key>
			<string>PBXBuildFile</string>
		</dict>
		<key>41E6168F88F557635DAA18D3</key>
		<dict>
			<key>fileRef</key>
			<string>35C7CAD3EF93A0CEC95CCAEF</string>
			<key>isa</key>
			<string>PBXBuildFile</string>
		</dict>
		<key>422EE6F81C1E553300EB76D4</key>
		<dict>
			<key>children</key>
			<array>
				<string>424ACE971C23D8D000EEC1F8</string>
				<string>422EE7031C1E553300EB76D4</string>
				<string>8B55B4955DE1BDD065564621</string>
				<string>D23251912590B4B6097DD8C4</string>
				<string>422EE7021C1E553300EB76D4</string>
			</array>
			<key>isa</key>
			<string>PBXGroup</string>
			<key>sourceTree</key>
			<string>&lt;group&gt;</string>
		</dict>
		<key>422EE6F91C1E553300EB76D4</key>
		<dict>
			<key>attributes</key>
			<dict>
				<key>LastUpgradeCheck</key>
				<string>0710</string>
				<key>ORGANIZATIONNAME</key>
				<string>AppCan</string>
				<key>TargetAttributes</key>
				<dict>
					<key>422EE7001C1E553300EB76D4</key>
					<dict>
						<key>CreatedOnToolsVersion</key>
						<string>7.1</string>
					</dict>
				</dict>
			</dict>
			<key>buildConfigurationList</key>
			<string>422EE6FC1C1E553300EB76D4</string>
			<key>compatibilityVersion</key>
			<string>Xcode 3.2</string>
			<key>developmentRegion</key>
			<string>English</string>
			<key>hasScannedForEncodings</key>
			<string>0</string>
			<key>isa</key>
			<string>PBXProject</string>
			<key>knownRegions</key>
			<array>
				<string>en</string>
			</array>
			<key>mainGroup</key>
			<string>422EE6F81C1E553300EB76D4</string>
			<key>productRefGroup</key>
			<string>422EE7021C1E553300EB76D4</string>
			<key>projectDirPath</key>
			<string></string>
			<key>projectRoot</key>
			<string></string>
			<key>targets</key>
			<array>
				<string>422EE7001C1E553300EB76D4</string>
			</array>
		</dict>
		<key>422EE6FC1C1E553300EB76D4</key>
		<dict>
			<key>buildConfigurations</key>
			<array>
				<string>422EE7081C1E553300EB76D4</string>
				<string>422EE7091C1E553300EB76D4</string>
			</array>
			<key>defaultConfigurationIsVisible</key>
			<string>0</string>
			<key>defaultConfigurationName</key>
			<string>Release</string>
			<key>isa</key>
			<string>XCConfigurationList</string>
		</dict>
		<key>422EE6FD1C1E553300EB76D4</key>
		<dict>
			<key>buildActionMask</key>
			<string>2147483647</string>
			<key>files</key>
			<array>
				<string>422EE7071C1E553300EB76D4</string>
			</array>
			<key>isa</key>
			<string>PBXSourcesBuildPhase</string>
			<key>runOnlyForDeploymentPostprocessing</key>
			<string>0</string>
		</dict>
		<key>422EE6FE1C1E553300EB76D4</key>
		<dict>
			<key>buildActionMask</key>
			<string>2147483647</string>
			<key>files</key>
			<array>
				<string>424ACE981C23D8D000EEC1F8</string>
				<string>42FFEF061C1FA0EF00294DE1</string>
				<string>3286346B34B9CB1D85E7ECD3</string>
				<string>33DC66A9246A981B4CDCAC62</string>
				<string>18D5D142A2D81A8880AE8A5E</string>
				<string>A4F8BE18C34C8413E9AD88CA</string>
				<string>AB6D0817CFD9BC35777840CC</string>
				<string>BA71D66B6A5E5C3C5A062285</string>
				<string>39D3097D559BBF935D25B035</string>
				<string>6F326CD1B45935886033529A</string>
				<string>C9BBC55DFB5DEAAC22E1E9FC</string>
				<string>69D589641763B04C74634AC7</string>
				<string>3BEFCBC840C4EE3CE8C74DA5</string>
				<string>6703692820481719FEC5C74D</string>
				<string>38CE9B7767AF95F950F84E9E</string>
				<string>51D97CF80F3AA1679EFDA219</string>
				<string>F7AC36B71A19F2B8E6DB725F</string>
				<string>E15649B785EB9DCE4C7B759C</string>
				<string>7F0A22D5A44F9D72E67D5C70</string>
				<string>8859EBD4EEA55EB295FD2438</string>
				<string>C1ACAC58A1ED789E8EADE5FC</string>
				<string>2D5C96AA0698ADED212B89DD</string>
				<string>41E6168F88F557635DAA18D3</string>
			</array>
			<key>isa</key>
			<string>PBXFrameworksBuildPhase</string>
			<key>runOnlyForDeploymentPostprocessing</key>
			<string>0</string>
		</dict>
		<key>422EE7001C1E553300EB76D4</key>
		<dict>
			<key>buildConfigurationList</key>
			<string>422EE70A1C1E553300EB76D4</string>
			<key>buildPhases</key>
			<array>
				<string>422EE6FD1C1E553300EB76D4</string>
				<string>422EE6FE1C1E553300EB76D4</string>
			</array>
			<key>buildRules</key>
			<array/>
			<key>dependencies</key>
			<array/>
			<key>isa</key>
			<string>PBXNativeTarget</string>
			<key>name</key>
			<string>EUExUnionPay</string>
			<key>productName</key>
			<string>EUExUnionPay</string>
			<key>productReference</key>
			<string>422EE7011C1E553300EB76D4</string>
			<key>productType</key>
			<string>com.apple.product-type.framework</string>
		</dict>
		<key>422EE7011C1E553300EB76D4</key>
		<dict>
			<key>explicitFileType</key>
			<string>archive.ar</string>
			<key>includeInIndex</key>
			<string>0</string>
			<key>isa</key>
			<string>PBXFileReference</string>
			<key>name</key>
			<string>uexUnionPay.framework</string>
			<key>path</key>
			<string>uexUnionPay.framework</string>
			<key>sourceTree</key>
			<string>BUILT_PRODUCTS_DIR</string>
		</dict>
		<key>422EE7021C1E553300EB76D4</key>
		<dict>
			<key>children</key>
			<array>
				<string>422EE7011C1E553300EB76D4</string>
			</array>
			<key>isa</key>
			<string>PBXGroup</string>
			<key>name</key>
			<string>Products</string>
			<key>sourceTree</key>
			<string>&lt;group&gt;</string>
		</dict>
		<key>422EE7031C1E553300EB76D4</key>
		<dict>
			<key>children</key>
			<array>
				<string>422EE7131C1E558D00EB76D4</string>
				<string>422EE7041C1E553300EB76D4</string>
				<string>422EE7061C1E553300EB76D4</string>
			</array>
			<key>isa</key>
			<string>PBXGroup</string>
			<key>path</key>
			<string>EUExUnionPay</string>
			<key>sourceTree</key>
			<string>&lt;group&gt;</string>
		</dict>
		<key>422EE7041C1E553300EB76D4</key>
		<dict>
			<key>isa</key>
			<string>PBXFileReference</string>
			<key>lastKnownFileType</key>
			<string>sourcecode.c.h</string>
			<key>path</key>
			<string>EUExUnionPay.h</string>
			<key>sourceTree</key>
			<string>&lt;group&gt;</string>
		</dict>
		<key>422EE7061C1E553300EB76D4</key>
		<dict>
			<key>isa</key>
			<string>PBXFileReference</string>
			<key>lastKnownFileType</key>
			<string>sourcecode.cpp.objcpp</string>
			<key>path</key>
			<string>EUExUnionPay.mm</string>
			<key>sourceTree</key>
			<string>&lt;group&gt;</string>
		</dict>
		<key>422EE7071C1E553300EB76D4</key>
		<dict>
			<key>fileRef</key>
			<string>422EE7061C1E553300EB76D4</string>
			<key>isa</key>
			<string>PBXBuildFile</string>
		</dict>
		<key>422EE7081C1E553300EB76D4</key>
		<dict>
			<key>buildSettings</key>
			<dict>
				<key>ALWAYS_SEARCH_USER_PATHS</key>
				<string>NO</string>
				<key>CLANG_CXX_LANGUAGE_STANDARD</key>
				<string>gnu++0x</string>
				<key>CLANG_CXX_LIBRARY</key>
				<string>libc++</string>
				<key>CLANG_ENABLE_MODULES</key>
				<string>YES</string>
				<key>CLANG_ENABLE_OBJC_ARC</key>
				<string>YES</string>
				<key>CLANG_WARN_BOOL_CONVERSION</key>
				<string>YES</string>
				<key>CLANG_WARN_CONSTANT_CONVERSION</key>
				<string>YES</string>
				<key>CLANG_WARN_DIRECT_OBJC_ISA_USAGE</key>
				<string>YES_ERROR</string>
				<key>CLANG_WARN_EMPTY_BODY</key>
				<string>YES</string>
				<key>CLANG_WARN_ENUM_CONVERSION</key>
				<string>YES</string>
				<key>CLANG_WARN_INT_CONVERSION</key>
				<string>YES</string>
				<key>CLANG_WARN_OBJC_ROOT_CLASS</key>
				<string>YES_ERROR</string>
				<key>CLANG_WARN_UNREACHABLE_CODE</key>
				<string>YES</string>
				<key>CLANG_WARN__DUPLICATE_METHOD_MATCH</key>
				<string>YES</string>
				<key>CODE_SIGN_IDENTITY[sdk=iphoneos*]</key>
				<string>iPhone Developer</string>
				<key>COPY_PHASE_STRIP</key>
				<string>NO</string>
				<key>DEBUG_INFORMATION_FORMAT</key>
				<string>dwarf</string>
				<key>ENABLE_STRICT_OBJC_MSGSEND</key>
				<string>YES</string>
				<key>ENABLE_TESTABILITY</key>
				<string>YES</string>
				<key>GCC_C_LANGUAGE_STANDARD</key>
				<string>gnu99</string>
				<key>GCC_DYNAMIC_NO_PIC</key>
				<string>NO</string>
				<key>GCC_NO_COMMON_BLOCKS</key>
				<string>YES</string>
				<key>GCC_OPTIMIZATION_LEVEL</key>
				<string>0</string>
				<key>GCC_PREPROCESSOR_DEFINITIONS</key>
				<array>
					<string>DEBUG=1</string>
					<string>$(inherited)</string>
				</array>
				<key>GCC_WARN_64_TO_32_BIT_CONVERSION</key>
				<string>YES</string>
				<key>GCC_WARN_ABOUT_RETURN_TYPE</key>
				<string>YES_ERROR</string>
				<key>GCC_WARN_UNDECLARED_SELECTOR</key>
				<string>YES</string>
				<key>GCC_WARN_UNINITIALIZED_AUTOS</key>
				<string>YES_AGGRESSIVE</string>
				<key>GCC_WARN_UNUSED_FUNCTION</key>
				<string>YES</string>
				<key>GCC_WARN_UNUSED_VARIABLE</key>
				<string>YES</string>
				<key>IPHONEOS_DEPLOYMENT_TARGET</key>
				<string>8.0</string>
				<key>MTL_ENABLE_DEBUG_INFO</key>
				<string>YES</string>
				<key>ONLY_ACTIVE_ARCH</key>
				<string>YES</string>
				<key>SDKROOT</key>
				<string>iphoneos</string>
				<key>TARGETED_DEVICE_FAMILY</key>
				<string>1,2</string>
			</dict>
			<key>isa</key>
			<string>XCBuildConfiguration</string>
			<key>name</key>
			<string>Debug</string>
		</dict>
		<key>422EE7091C1E553300EB76D4</key>
		<dict>
			<key>buildSettings</key>
			<dict>
				<key>ALWAYS_SEARCH_USER_PATHS</key>
				<string>NO</string>
				<key>CLANG_CXX_LANGUAGE_STANDARD</key>
				<string>gnu++0x</string>
				<key>CLANG_CXX_LIBRARY</key>
				<string>libc++</string>
				<key>CLANG_ENABLE_MODULES</key>
				<string>YES</string>
				<key>CLANG_ENABLE_OBJC_ARC</key>
				<string>YES</string>
				<key>CLANG_WARN_BOOL_CONVERSION</key>
				<string>YES</string>
				<key>CLANG_WARN_CONSTANT_CONVERSION</key>
				<string>YES</string>
				<key>CLANG_WARN_DIRECT_OBJC_ISA_USAGE</key>
				<string>YES_ERROR</string>
				<key>CLANG_WARN_EMPTY_BODY</key>
				<string>YES</string>
				<key>CLANG_WARN_ENUM_CONVERSION</key>
				<string>YES</string>
				<key>CLANG_WARN_INT_CONVERSION</key>
				<string>YES</string>
				<key>CLANG_WARN_OBJC_ROOT_CLASS</key>
				<string>YES_ERROR</string>
				<key>CLANG_WARN_UNREACHABLE_CODE</key>
				<string>YES</string>
				<key>CLANG_WARN__DUPLICATE_METHOD_MATCH</key>
				<string>YES</string>
				<key>CODE_SIGN_IDENTITY[sdk=iphoneos*]</key>
				<string>iPhone Developer</string>
				<key>COPY_PHASE_STRIP</key>
				<string>NO</string>
				<key>DEBUG_INFORMATION_FORMAT</key>
				<string>dwarf</string>
				<key>ENABLE_NS_ASSERTIONS</key>
				<string>NO</string>
				<key>ENABLE_STRICT_OBJC_MSGSEND</key>
				<string>YES</string>
				<key>GCC_C_LANGUAGE_STANDARD</key>
				<string>gnu99</string>
				<key>GCC_NO_COMMON_BLOCKS</key>
				<string>YES</string>
				<key>GCC_WARN_64_TO_32_BIT_CONVERSION</key>
				<string>YES</string>
				<key>GCC_WARN_ABOUT_RETURN_TYPE</key>
				<string>YES_ERROR</string>
				<key>GCC_WARN_UNDECLARED_SELECTOR</key>
				<string>YES</string>
				<key>GCC_WARN_UNINITIALIZED_AUTOS</key>
				<string>YES_AGGRESSIVE</string>
				<key>GCC_WARN_UNUSED_FUNCTION</key>
				<string>YES</string>
				<key>GCC_WARN_UNUSED_VARIABLE</key>
				<string>YES</string>
				<key>IPHONEOS_DEPLOYMENT_TARGET</key>
				<string>8.0</string>
				<key>MTL_ENABLE_DEBUG_INFO</key>
				<string>NO</string>
				<key>SDKROOT</key>
				<string>iphoneos</string>
				<key>TARGETED_DEVICE_FAMILY</key>
				<string>1,2</string>
				<key>VALIDATE_PRODUCT</key>
				<string>YES</string>
			</dict>
			<key>isa</key>
			<string>XCBuildConfiguration</string>
			<key>name</key>
			<string>Release</string>
		</dict>
		<key>422EE70A1C1E553300EB76D4</key>
		<dict>
			<key>buildConfigurations</key>
			<array>
				<string>422EE70B1C1E553300EB76D4</string>
				<string>422EE70C1C1E553300EB76D4</string>
			</array>
			<key>defaultConfigurationIsVisible</key>
			<string>0</string>
			<key>defaultConfigurationName</key>
			<string>Release</string>
			<key>isa</key>
			<string>XCConfigurationList</string>
		</dict>
		<key>422EE70B1C1E553300EB76D4</key>
		<dict>
			<key>buildSettings</key>
			<dict>
				<key>BUNDLE_IDENTIFIER</key>
				<string>com.zywx.runner</string>
				<key>CONFIGURATION_BUILD_DIR</key>
				<string>$(SRCROOT)/uexUnionPay/IDE/</string>
				<key>DEBUG_INFORMATION_FORMAT</key>
				<string>dwarf</string>
				<key>DEFINES_MODULE</key>
				<string>YES</string>
				<key>DYLIB_COMPATIBILITY_VERSION</key>
				<string>1</string>
				<key>DYLIB_CURRENT_VERSION</key>
				<string>1</string>
				<key>DYLIB_INSTALL_NAME_BASE</key>
				<string>@rpath</string>
				<key>ENABLE_BITCODE</key>
				<string>NO</string>
				<key>FRAMEWORK_SEARCH_PATHS</key>
				<array>
					<string>$(inherited)</string>
					<string>$(PROJECT_DIR)/EUExUnionPay/sourceCode</string>
					<string>$(PROJECT_DIR)</string>
					<string>$(SRCROOT)/../../AppCanPluginTools-iOS/resource/IDEPluginProjectPackageResource</string>
				</array>
				<key>HEADER_SEARCH_PATHS</key>
				<array>
					<string>$(SRCROOT)/../../AppCanPluginTools-iOS/resource/IDEPluginProjectPackageResource</string>
				</array>
				<key>INFOPLIST_FILE</key>
				<string>$(SRCROOT)/../../AppCanPluginTools-iOS/resource/IDEPluginProjectPackageResource/info.plist</string>
				<key>INSTALL_PATH</key>
				<string>$(LOCAL_LIBRARY_DIR)/Frameworks</string>
				<key>IPHONEOS_DEPLOYMENT_TARGET</key>
				<string>8.0</string>
				<key>LD_RUNPATH_SEARCH_PATHS</key>
				<array>
					<string>$(inherited)</string>
					<string>@executable_path/Frameworks</string>
					<string>@executable_path</string>
					<string>@loader_path/Frameworks</string>
					<string>@loader_path</string>
				</array>
				<key>LIBRARY_SEARCH_PATHS</key>
				<array>
					<string>$(inherited)</string>
					<string>$(PROJECT_DIR)/EUExUnionPay/sourceCode/libs</string>
					<string>$(SRCROOT)/../../AppCanPluginTools-iOS/resource/IDEPluginProjectPackageResource</string>
				</array>
				<key>OTHER_LDFLAGS</key>
				<array>
					<string>-ObjC</string>
					<string>$(SRCROOT)/../../AppCanPluginTools-iOS/resource/IDEPluginProjectPackageResource/AppCanKit.framework/AppCanKit</string>
				</array>
				<key>PRODUCT_MODULE_NAME</key>
				<string>uexUnionPay</string>
				<key>PRODUCT_NAME</key>
				<string>uexUnionPay</string>
				<key>PROVISIONING_PROFILE</key>
				<string>3046553f-5c0d-4f94-8f3c-dd49ce267880</string>
				<key>SKIP_INSTALL</key>
				<string>YES</string>
			</dict>
			<key>isa</key>
			<string>XCBuildConfiguration</string>
			<key>name</key>
			<string>Debug</string>
		</dict>
		<key>422EE70C1C1E553300EB76D4</key>
		<dict>
			<key>buildSettings</key>
			<dict>
				<key>BUNDLE_IDENTIFIER</key>
				<string>com.zywx.runner</string>
				<key>CONFIGURATION_BUILD_DIR</key>
				<string>$(SRCROOT)/uexUnionPay/IDE/</string>
				<key>DEBUG_INFORMATION_FORMAT</key>
				<string>dwarf</string>
				<key>DEFINES_MODULE</key>
				<string>YES</string>
				<key>DYLIB_COMPATIBILITY_VERSION</key>
				<string>1</string>
				<key>DYLIB_CURRENT_VERSION</key>
				<string>1</string>
				<key>DYLIB_INSTALL_NAME_BASE</key>
				<string>@rpath</string>
				<key>ENABLE_BITCODE</key>
				<string>NO</string>
				<key>FRAMEWORK_SEARCH_PATHS</key>
				<array>
					<string>$(inherited)</string>
					<string>$(PROJECT_DIR)/EUExUnionPay/sourceCode</string>
					<string>$(PROJECT_DIR)</string>
					<string>$(SRCROOT)/../../AppCanPluginTools-iOS/resource/IDEPluginProjectPackageResource</string>
				</array>
				<key>HEADER_SEARCH_PATHS</key>
				<array>
					<string>$(SRCROOT)/../../AppCanPluginTools-iOS/resource/IDEPluginProjectPackageResource</string>
				</array>
				<key>INFOPLIST_FILE</key>
				<string>$(SRCROOT)/../../AppCanPluginTools-iOS/resource/IDEPluginProjectPackageResource/info.plist</string>
				<key>INSTALL_PATH</key>
				<string>$(LOCAL_LIBRARY_DIR)/Frameworks</string>
				<key>IPHONEOS_DEPLOYMENT_TARGET</key>
				<string>8.0</string>
				<key>LD_RUNPATH_SEARCH_PATHS</key>
				<array>
					<string>$(inherited)</string>
					<string>@executable_path/Frameworks</string>
					<string>@executable_path</string>
					<string>@loader_path/Frameworks</string>
					<string>@loader_path</string>
				</array>
				<key>LIBRARY_SEARCH_PATHS</key>
				<array>
					<string>$(inherited)</string>
					<string>$(PROJECT_DIR)/EUExUnionPay/sourceCode/libs</string>
					<string>$(SRCROOT)/../../AppCanPluginTools-iOS/resource/IDEPluginProjectPackageResource</string>
				</array>
				<key>OTHER_LDFLAGS</key>
				<array>
					<string>-ObjC</string>
					<string>$(SRCROOT)/../../AppCanPluginTools-iOS/resource/IDEPluginProjectPackageResource/AppCanKit.framework/AppCanKit</string>
				</array>
				<key>PRODUCT_MODULE_NAME</key>
				<string>uexUnionPay</string>
				<key>PRODUCT_NAME</key>
				<string>uexUnionPay</string>
				<key>PROVISIONING_PROFILE</key>
				<string>3046553f-5c0d-4f94-8f3c-dd49ce267880</string>
				<key>SKIP_INSTALL</key>
				<string>YES</string>
			</dict>
			<key>isa</key>
			<string>XCBuildConfiguration</string>
			<key>name</key>
			<string>Release</string>
		</dict>
		<key>422EE7131C1E558D00EB76D4</key>
		<dict>
			<key>children</key>
			<array>
				<string>4294F1A31D2A6E600042A631</string>
				<string>422EE7231C1E568C00EB76D4</string>
				<string>422EE71E1C1E558D00EB76D4</string>
			</array>
			<key>isa</key>
			<string>PBXGroup</string>
			<key>path</key>
			<string>sourceCode</string>
			<key>sourceTree</key>
			<string>&lt;group&gt;</string>
		</dict>
		<key>422EE71E1C1E558D00EB76D4</key>
		<dict>
			<key>fileEncoding</key>
			<string>4</string>
			<key>isa</key>
			<string>PBXFileReference</string>
			<key>lastKnownFileType</key>
			<string>sourcecode.c.h</string>
			<key>path</key>
			<string>PrefixHeader.pch</string>
			<key>sourceTree</key>
			<string>&lt;group&gt;</string>
		</dict>
		<key>422EE7231C1E568C00EB76D4</key>
		<dict>
			<key>children</key>
			<array>
				<string>42FFEF051C1FA0EF00294DE1</string>
				<string>42FFEF041C1FA0E700294DE1</string>
				<string>422EE7291C1E569800EB76D4</string>
			</array>
			<key>isa</key>
			<string>PBXGroup</string>
			<key>path</key>
			<string>libs</string>
			<key>sourceTree</key>
			<string>&lt;group&gt;</string>
		</dict>
		<key>422EE7291C1E569800EB76D4</key>
		<dict>
			<key>fileEncoding</key>
			<string>4</string>
			<key>isa</key>
			<string>PBXFileReference</string>
			<key>lastKnownFileType</key>
			<string>sourcecode.c.h</string>
			<key>path</key>
			<string>UPPayPluginDelegate.h</string>
			<key>sourceTree</key>
			<string>&lt;group&gt;</string>
		</dict>
		<key>424ACE971C23D8D000EEC1F8</key>
		<dict>
			<key>isa</key>
			<string>PBXFileReference</string>
			<key>lastKnownFileType</key>
			<string>wrapper.framework</string>
			<key>name</key>
			<string>Security.framework</string>
			<key>path</key>
			<string>System/Library/Frameworks/Security.framework</string>
			<key>sourceTree</key>
			<string>SDKROOT</string>
		</dict>
		<key>424ACE981C23D8D000EEC1F8</key>
		<dict>
			<key>fileRef</key>
			<string>424ACE971C23D8D000EEC1F8</string>
			<key>isa</key>
			<string>PBXBuildFile</string>
		</dict>
		<key>4294F1A41D2A6E600042A631</key>
		<dict>
			<key>fileRef</key>
			<string>4294F1A31D2A6E600042A631</string>
			<key>isa</key>
			<string>PBXBuildFile</string>
		</dict>
		<key>42FFEF041C1FA0E700294DE1</key>
		<dict>
			<key>fileEncoding</key>
			<string>4</string>
			<key>isa</key>
			<string>PBXFileReference</string>
			<key>lastKnownFileType</key>
			<string>sourcecode.c.h</string>
			<key>path</key>
			<string>UPPayPlugin.h</string>
			<key>sourceTree</key>
			<string>&lt;group&gt;</string>
		</dict>
		<key>42FFEF051C1FA0EF00294DE1</key>
		<dict>
			<key>isa</key>
			<string>PBXFileReference</string>
			<key>lastKnownFileType</key>
			<string>archive.ar</string>
			<key>path</key>
			<string>libUPPayPlugin.a</string>
			<key>sourceTree</key>
			<string>&lt;group&gt;</string>
		</dict>
		<key>42FFEF061C1FA0EF00294DE1</key>
		<dict>
			<key>fileRef</key>
			<string>42FFEF051C1FA0EF00294DE1</string>
			<key>isa</key>
			<string>PBXBuildFile</string>
		</dict>
		<key>4D94F01176707C5E274B2472</key>
		<dict>
			<key>fileEncoding</key>
			<string>4</string>
			<key>isa</key>
			<string>PBXFileReference</string>
			<key>lastKnownFileType</key>
			<string>archive.ar</string>
			<key>name</key>
			<string>libz.tbd</string>
			<key>path</key>
			<string>usr/lib/libz.tbd</string>
			<key>sourceTree</key>
			<string>SDKROOT</string>
		</dict>
		<key>51D97CF80F3AA1679EFDA219</key>
		<dict>
			<key>fileRef</key>
			<string>85727768EE14260C5028AF70</string>
			<key>isa</key>
			<string>PBXBuildFile</string>
		</dict>
		<key>58A407B5AA96276CE47DAE79</key>
		<dict>
			<key>fileEncoding</key>
			<string>4</string>
			<key>isa</key>
			<string>PBXFileReference</string>
			<key>lastKnownFileType</key>
			<string>wrapper.framework</string>
			<key>name</key>
			<string>CoreMotion.framework</string>
			<key>path</key>
			<string>System/Library/Frameworks/CoreMotion.framework</string>
			<key>sourceTree</key>
			<string>SDKROOT</string>
		</dict>
		<key>5BD642988A4BA2E0F300419E</key>
		<dict>
			<key>fileEncoding</key>
			<string>4</string>
			<key>isa</key>
			<string>PBXFileReference</string>
			<key>lastKnownFileType</key>
			<string>archive.ar</string>
			<key>name</key>
			<string>libstdc++.tbd</string>
			<key>path</key>
			<string>usr/lib/libstdc++.tbd</string>
			<key>sourceTree</key>
			<string>SDKROOT</string>
		</dict>
		<key>6703692820481719FEC5C74D</key>
		<dict>
			<key>fileRef</key>
			<string>A8B1649C6098EF8A3E66CC18</string>
			<key>isa</key>
			<string>PBXBuildFile</string>
		</dict>
		<key>69D589641763B04C74634AC7</key>
		<dict>
			<key>fileRef</key>
			<string>E3AC6899547AF2D46831D166</string>
			<key>isa</key>
			<string>PBXBuildFile</string>
		</dict>
		<key>6F326CD1B45935886033529A</key>
		<dict>
			<key>fileRef</key>
			<string>D0B866A78CBE11CD3C5C5CA3</string>
			<key>isa</key>
			<string>PBXBuildFile</string>
		</dict>
		<key>7502547BED7EDCA721F59780</key>
		<dict>
			<key>fileEncoding</key>
			<string>4</string>
			<key>isa</key>
			<string>PBXFileReference</string>
			<key>lastKnownFileType</key>
			<string>wrapper.framework</string>
			<key>name</key>
			<string>CoreTelephony.framework</string>
			<key>path</key>
			<string>System/Library/Frameworks/CoreTelephony.framework</string>
			<key>sourceTree</key>
			<string>SDKROOT</string>
		</dict>
		<key>7F0A22D5A44F9D72E67D5C70</key>
		<dict>
			<key>fileRef</key>
			<string>0A17936E698D6B4E80A9E2AC</string>
			<key>isa</key>
			<string>PBXBuildFile</string>
		</dict>
		<key>85727768EE14260C5028AF70</key>
		<dict>
			<key>fileEncoding</key>
			<string>4</string>
			<key>isa</key>
			<string>PBXFileReference</string>
			<key>lastKnownFileType</key>
			<string>wrapper.framework</string>
			<key>name</key>
			<string>AVFoundation.framework</string>
			<key>path</key>
			<string>System/Library/Frameworks/AVFoundation.framework</string>
			<key>sourceTree</key>
			<string>SDKROOT</string>
		</dict>
		<key>8859EBD4EEA55EB295FD2438</key>
		<dict>
			<key>fileRef</key>
			<string>5BD642988A4BA2E0F300419E</string>
			<key>isa</key>
			<string>PBXBuildFile</string>
		</dict>
		<key>8B55B4955DE1BDD065564621</key>
		<dict>
			<key>children</key>
			<array>
				<string>D80A897DAA10E3CD92600F21</string>
				<string>1CFE7256260B0F2F04C011F6</string>
				<string>152BBAA2F342727E1FCC14A8</string>
				<string>3B9DE82D5F32262F1B53ACE1</string>
				<string>10CD74D3E8943F9BF9582791</string>
				<string>F3AFC3EAA51E98BA994F5D46</string>
				<string>F01AC6BE23081FC3516AB3B3</string>
				<string>D0B866A78CBE11CD3C5C5CA3</string>
				<string>11448B20D92341D2CCD74F3F</string>
				<string>E3AC6899547AF2D46831D166</string>
				<string>C92D93AC419415C628965D74</string>
				<string>A8B1649C6098EF8A3E66CC18</string>
				<string>B096A6A525BD7AA55A723D20</string>
				<string>85727768EE14260C5028AF70</string>
				<string>58A407B5AA96276CE47DAE79</string>
				<string>7502547BED7EDCA721F59780</string>
				<string>0A17936E698D6B4E80A9E2AC</string>
				<string>5BD642988A4BA2E0F300419E</string>
				<string>0DFB037ED029AE392E5D1E0B</string>
				<string>4D94F01176707C5E274B2472</string>
			</array>
			<key>isa</key>
			<string>PBXGroup</string>
			<key>path</key>
			<string>IDE-Frameworks</string>
			<key>sourceTree</key>
			<string>&lt;group&gt;</string>
		</dict>
		<key>A4F8BE18C34C8413E9AD88CA</key>
		<dict>
			<key>fileRef</key>
			<string>3B9DE82D5F32262F1B53ACE1</string>
			<key>isa</key>
			<string>PBXBuildFile</string>
		</dict>
		<key>A8B1649C6098EF8A3E66CC18</key>
		<dict>
			<key>fileEncoding</key>
			<string>4</string>
			<key>isa</key>
			<string>PBXFileReference</string>
			<key>lastKnownFileType</key>
			<string>wrapper.framework</string>
			<key>name</key>
			<string>MessageUI.framework</string>
			<key>path</key>
			<string>System/Library/Frameworks/MessageUI.framework</string>
			<key>sourceTree</key>
			<string>SDKROOT</string>
		</dict>
		<key>AB6D0817CFD9BC35777840CC</key>
		<dict>
			<key>fileRef</key>
			<string>10CD74D3E8943F9BF9582791</string>
			<key>isa</key>
			<string>PBXBuildFile</string>
		</dict>
		<key>B096A6A525BD7AA55A723D20</key>
		<dict>
			<key>fileEncoding</key>
			<string>4</string>
			<key>isa</key>
			<string>PBXFileReference</string>
			<key>lastKnownFileType</key>
			<string>wrapper.framework</string>
			<key>name</key>
			<string>Accelerate.framework</string>
			<key>path</key>
			<string>System/Library/Frameworks/Accelerate.framework</string>
			<key>sourceTree</key>
			<string>SDKROOT</string>
		</dict>
		<key>BA71D66B6A5E5C3C5A062285</key>
		<dict>
			<key>fileRef</key>
			<string>F3AFC3EAA51E98BA994F5D46</string>
			<key>isa</key>
			<string>PBXBuildFile</string>
		</dict>
		<key>C1ACAC58A1ED789E8EADE5FC</key>
		<dict>
			<key>fileRef</key>
			<string>0DFB037ED029AE392E5D1E0B</string>
			<key>isa</key>
			<string>PBXBuildFile</string>
		</dict>
		<key>C92D93AC419415C628965D74</key>
		<dict>
			<key>fileEncoding</key>
			<string>4</string>
			<key>isa</key>
			<string>PBXFileReference</string>
			<key>lastKnownFileType</key>
			<string>wrapper.framework</string>
			<key>name</key>
			<string>CoreLocation.framework</string>
			<key>path</key>
			<string>System/Library/Frameworks/CoreLocation.framework</string>
			<key>sourceTree</key>
			<string>SDKROOT</string>
		</dict>
		<key>C9BBC55DFB5DEAAC22E1E9FC</key>
		<dict>
			<key>fileRef</key>
			<string>11448B20D92341D2CCD74F3F</string>
			<key>isa</key>
			<string>PBXBuildFile</string>
		</dict>
		<key>D0B866A78CBE11CD3C5C5CA3</key>
		<dict>
			<key>fileEncoding</key>
			<string>4</string>
			<key>isa</key>
			<string>PBXFileReference</string>
			<key>lastKnownFileType</key>
			<string>wrapper.framework</string>
			<key>name</key>
			<string>CoreGraphics.framework</string>
			<key>path</key>
			<string>System/Library/Frameworks/CoreGraphics.framework</string>
			<key>sourceTree</key>
			<string>SDKROOT</string>
		</dict>
		<key>D23251912590B4B6097DD8C4</key>
		<dict>
			<key>children</key>
			<array>
				<string>35C7CAD3EF93A0CEC95CCAEF</string>
				<string>044A328D4C35496480251F09</string>
			</array>
			<key>isa</key>
			<string>PBXGroup</string>
			<key>path</key>
			<string>AppCanEngine</string>
			<key>sourceTree</key>
			<string>&lt;group&gt;</string>
		</dict>
		<key>D80A897DAA10E3CD92600F21</key>
		<dict>
			<key>fileEncoding</key>
			<string>4</string>
			<key>isa</key>
			<string>PBXFileReference</string>
			<key>lastKnownFileType</key>
			<string>wrapper.framework</string>
			<key>name</key>
			<string>MapKit.framework</string>
			<key>path</key>
			<string>System/Library/Frameworks/MapKit.framework</string>
			<key>sourceTree</key>
			<string>SDKROOT</string>
		</dict>
		<key>E15649B785EB9DCE4C7B759C</key>
		<dict>
			<key>fileRef</key>
			<string>7502547BED7EDCA721F59780</string>
			<key>isa</key>
			<string>PBXBuildFile</string>
		</dict>
		<key>E3AC6899547AF2D46831D166</key>
		<dict>
			<key>fileEncoding</key>
			<string>4</string>
			<key>isa</key>
			<string>PBXFileReference</string>
			<key>lastKnownFileType</key>
			<string>wrapper.framework</string>
			<key>name</key>
			<string>CoreImage.framework</string>
			<key>path</key>
			<string>System/Library/Frameworks/CoreImage.framework</string>
			<key>sourceTree</key>
			<string>SDKROOT</string>
		</dict>
		<key>F01AC6BE23081FC3516AB3B3</key>
		<dict>
			<key>fileEncoding</key>
			<string>4</string>
			<key>isa</key>
			<string>PBXFileReference</string>
			<key>lastKnownFileType</key>
			<string>wrapper.framework</string>
			<key>name</key>
			<string>UIKit.framework</string>
			<key>path</key>
			<string>System/Library/Frameworks/UIKit.framework</string>
			<key>sourceTree</key>
			<string>SDKROOT</string>
		</dict>
		<key>F3AFC3EAA51E98BA994F5D46</key>
		<dict>
			<key>fileEncoding</key>
			<string>4</string>
			<key>isa</key>
			<string>PBXFileReference</string>
			<key>lastKnownFileType</key>
			<string>wrapper.framework</string>
			<key>name</key>
			<string>MobileCoreServices.framework</string>
			<key>path</key>
			<string>System/Library/Frameworks/MobileCoreServices.framework</string>
			<key>sourceTree</key>
			<string>SDKROOT</string>
		</dict>
		<key>F7AC36B71A19F2B8E6DB725F</key>
		<dict>
			<key>fileRef</key>
			<string>58A407B5AA96276CE47DAE79</string>
			<key>isa</key>
			<string>PBXBuildFile</string>
		</dict>
	</dict>
	<key>rootObject</key>
	<string>422EE6F91C1E553300EB76D4</string>
</dict>
</plist>
