// !$*UTF8*$!
{
	archiveVersion = 1;
	classes = {
	};
	objectVersion = 46;
	objects = {

/* Begin PBXBuildFile section */
		117CE38B20CA5DA1008FC133 /* CFNetwork.framework in Frameworks */ = {isa = PBXBuildFile; fileRef = 117CE38A20CA5DA1008FC133 /* CFNetwork.framework */; };
		117CE38D20CA5DAB008FC133 /* SystemConfiguration.framework in Frameworks */ = {isa = PBXBuildFile; fileRef = 117CE38C20CA5DAB008FC133 /* SystemConfiguration.framework */; };
		117CE38F20CA5E0D008FC133 /* libPaymentControl.a in Frameworks */ = {isa = PBXBuildFile; fileRef = 117CE38E20CA5E0D008FC133 /* libPaymentControl.a */; };
		117CE39B20CA6DB7008FC133 /* libz.1.dylib in Frameworks */ = {isa = PBXBuildFile; fileRef = 117CE39420CA650B008FC133 /* libz.1.dylib */; };
		422EE7071C1E553300EB76D4 /* EUExUnionPay.mm in Sources */ = {isa = PBXBuildFile; fileRef = 422EE7061C1E553300EB76D4 /* EUExUnionPay.mm */; };
		424ACE981C23D8D000EEC1F8 /* Security.framework in Frameworks */ = {isa = PBXBuildFile; fileRef = 424ACE971C23D8D000EEC1F8 /* Security.framework */; };
		4258FFC41E092C3100765FE5 /* AppCanKit.framework in Frameworks */ = {isa = PBXBuildFile; fileRef = 4258FFC31E092C3100765FE5 /* AppCanKit.framework */; };
/* End PBXBuildFile section */

/* Begin PBXFileReference section */
		117CE38A20CA5DA1008FC133 /* CFNetwork.framework */ = {isa = PBXFileReference; lastKnownFileType = wrapper.framework; name = CFNetwork.framework; path = System/Library/Frameworks/CFNetwork.framework; sourceTree = SDKROOT; };
		117CE38C20CA5DAB008FC133 /* SystemConfiguration.framework */ = {isa = PBXFileReference; lastKnownFileType = wrapper.framework; name = SystemConfiguration.framework; path = System/Library/Frameworks/SystemConfiguration.framework; sourceTree = SDKROOT; };
		117CE38E20CA5E0D008FC133 /* libPaymentControl.a */ = {isa = PBXFileReference; lastKnownFileType = archive.ar; path = libPaymentControl.a; sourceTree = "<group>"; };
		117CE39020CA5E1C008FC133 /* UPPaymentControl.h */ = {isa = PBXFileReference; fileEncoding = 4; lastKnownFileType = sourcecode.c.h; path = UPPaymentControl.h; sourceTree = "<group>"; };
		117CE39220CA600D008FC133 /* libz.tbd */ = {isa = PBXFileReference; lastKnownFileType = "sourcecode.text-based-dylib-definition"; name = libz.tbd; path = usr/lib/libz.tbd; sourceTree = SDKROOT; };
		117CE39420CA650B008FC133 /* libz.1.dylib */ = {isa = PBXFileReference; lastKnownFileType = "compiled.mach-o.dylib"; name = libz.1.dylib; path = ../../../../../usr/lib/libz.1.dylib; sourceTree = "<group>"; };
		422EE7011C1E553300EB76D4 /* libuexUnionPay.a */ = {isa = PBXFileReference; explicitFileType = archive.ar; includeInIndex = 0; path = libuexUnionPay.a; sourceTree = BUILT_PRODUCTS_DIR; };
		422EE7041C1E553300EB76D4 /* EUExUnionPay.h */ = {isa = PBXFileReference; lastKnownFileType = sourcecode.c.h; path = EUExUnionPay.h; sourceTree = "<group>"; };
		422EE7061C1E553300EB76D4 /* EUExUnionPay.mm */ = {isa = PBXFileReference; lastKnownFileType = sourcecode.cpp.objcpp; path = EUExUnionPay.mm; sourceTree = "<group>"; };
		422EE71E1C1E558D00EB76D4 /* PrefixHeader.pch */ = {isa = PBXFileReference; fileEncoding = 4; lastKnownFileType = sourcecode.c.h; path = PrefixHeader.pch; sourceTree = "<group>"; };
		424ACE971C23D8D000EEC1F8 /* Security.framework */ = {isa = PBXFileReference; lastKnownFileType = wrapper.framework; name = Security.framework; path = System/Library/Frameworks/Security.framework; sourceTree = SDKROOT; };
		4258FFC31E092C3100765FE5 /* AppCanKit.framework */ = {isa = PBXFileReference; lastKnownFileType = wrapper.framework; path = AppCanKit.framework; sourceTree = "<group>"; };
/* End PBXFileReference section */

/* Begin PBXFrameworksBuildPhase section */
		422EE6FE1C1E553300EB76D4 /* Frameworks */ = {
			isa = PBXFrameworksBuildPhase;
			buildActionMask = 2147483647;
			files = (
				117CE39B20CA6DB7008FC133 /* libz.1.dylib in Frameworks */,
				117CE38D20CA5DAB008FC133 /* SystemConfiguration.framework in Frameworks */,
				117CE38B20CA5DA1008FC133 /* CFNetwork.framework in Frameworks */,
				117CE38F20CA5E0D008FC133 /* libPaymentControl.a in Frameworks */,
				424ACE981C23D8D000EEC1F8 /* Security.framework in Frameworks */,
				4258FFC41E092C3100765FE5 /* AppCanKit.framework in Frameworks */,
			);
			runOnlyForDeploymentPostprocessing = 0;
		};
/* End PBXFrameworksBuildPhase section */

/* Begin PBXGroup section */
		117CE38720CA5D7B008FC133 /* Frameworks */ = {
			isa = PBXGroup;
			children = (
				117CE39420CA650B008FC133 /* libz.1.dylib */,
				117CE39220CA600D008FC133 /* libz.tbd */,
				117CE38C20CA5DAB008FC133 /* SystemConfiguration.framework */,
				117CE38A20CA5DA1008FC133 /* CFNetwork.framework */,
			);
			name = Frameworks;
			sourceTree = "<group>";
		};
		422EE6F81C1E553300EB76D4 = {
			isa = PBXGroup;
			children = (
				424ACE971C23D8D000EEC1F8 /* Security.framework */,
				422EE7031C1E553300EB76D4 /* EUExUnionPay */,
				422EE7021C1E553300EB76D4 /* Products */,
				117CE38720CA5D7B008FC133 /* Frameworks */,
			);
			sourceTree = "<group>";
		};
		422EE7021C1E553300EB76D4 /* Products */ = {
			isa = PBXGroup;
			children = (
				422EE7011C1E553300EB76D4 /* libuexUnionPay.a */,
			);
			name = Products;
			sourceTree = "<group>";
		};
		422EE7031C1E553300EB76D4 /* EUExUnionPay */ = {
			isa = PBXGroup;
			children = (
				422EE7131C1E558D00EB76D4 /* sourceCode */,
				422EE7041C1E553300EB76D4 /* EUExUnionPay.h */,
				422EE7061C1E553300EB76D4 /* EUExUnionPay.mm */,
			);
			path = EUExUnionPay;
			sourceTree = "<group>";
		};
		422EE7131C1E558D00EB76D4 /* sourceCode */ = {
			isa = PBXGroup;
			children = (
				4258FFC31E092C3100765FE5 /* AppCanKit.framework */,
				422EE7231C1E568C00EB76D4 /* libs */,
				422EE71E1C1E558D00EB76D4 /* PrefixHeader.pch */,
			);
			path = sourceCode;
			sourceTree = "<group>";
		};
		422EE7231C1E568C00EB76D4 /* libs */ = {
			isa = PBXGroup;
			children = (
				117CE39020CA5E1C008FC133 /* UPPaymentControl.h */,
				117CE38E20CA5E0D008FC133 /* libPaymentControl.a */,
			);
			path = libs;
			sourceTree = "<group>";
		};
/* End PBXGroup section */

/* Begin PBXNativeTarget section */
		422EE7001C1E553300EB76D4 /* EUExUnionPay */ = {
			isa = PBXNativeTarget;
			buildConfigurationList = 422EE70A1C1E553300EB76D4 /* Build configuration list for PBXNativeTarget "EUExUnionPay" */;
			buildPhases = (
				422EE6FD1C1E553300EB76D4 /* Sources */,
				422EE6FE1C1E553300EB76D4 /* Frameworks */,
			);
			buildRules = (
			);
			dependencies = (
			);
			name = EUExUnionPay;
			productName = EUExUnionPay;
			productReference = 422EE7011C1E553300EB76D4 /* libuexUnionPay.a */;
			productType = "com.apple.product-type.library.static";
		};
/* End PBXNativeTarget section */

/* Begin PBXProject section */
		422EE6F91C1E553300EB76D4 /* Project object */ = {
			isa = PBXProject;
			attributes = {
				LastUpgradeCheck = 0710;
				ORGANIZATIONNAME = AppCan;
				TargetAttributes = {
					422EE7001C1E553300EB76D4 = {
						CreatedOnToolsVersion = 7.1;
					};
				};
			};
			buildConfigurationList = 422EE6FC1C1E553300EB76D4 /* Build configuration list for PBXProject "EUExUnionPay" */;
			compatibilityVersion = "Xcode 3.2";
			developmentRegion = English;
			hasScannedForEncodings = 0;
			knownRegions = (
				en,
			);
			mainGroup = 422EE6F81C1E553300EB76D4;
			productRefGroup = 422EE7021C1E553300EB76D4 /* Products */;
			projectDirPath = "";
			projectRoot = "";
			targets = (
				422EE7001C1E553300EB76D4 /* EUExUnionPay */,
			);
		};
/* End PBXProject section */

/* Begin PBXSourcesBuildPhase section */
		422EE6FD1C1E553300EB76D4 /* Sources */ = {
			isa = PBXSourcesBuildPhase;
			buildActionMask = 2147483647;
			files = (
				422EE7071C1E553300EB76D4 /* EUExUnionPay.mm in Sources */,
			);
			runOnlyForDeploymentPostprocessing = 0;
		};
/* End PBXSourcesBuildPhase section */

/* Begin XCBuildConfiguration section */
		422EE7081C1E553300EB76D4 /* Debug */ = {
			isa = XCBuildConfiguration;
			buildSettings = {
				ALWAYS_SEARCH_USER_PATHS = NO;
				CLANG_CXX_LANGUAGE_STANDARD = "gnu++0x";
				CLANG_CXX_LIBRARY = "libc++";
				CLANG_ENABLE_MODULES = YES;
				CLANG_ENABLE_OBJC_ARC = YES;
				CLANG_WARN_BOOL_CONVERSION = YES;
				CLANG_WARN_CONSTANT_CONVERSION = YES;
				CLANG_WARN_DIRECT_OBJC_ISA_USAGE = YES_ERROR;
				CLANG_WARN_EMPTY_BODY = YES;
				CLANG_WARN_ENUM_CONVERSION = YES;
				CLANG_WARN_INT_CONVERSION = YES;
				CLANG_WARN_OBJC_ROOT_CLASS = YES_ERROR;
				CLANG_WARN_UNREACHABLE_CODE = YES;
				CLANG_WARN__DUPLICATE_METHOD_MATCH = YES;
				"CODE_SIGN_IDENTITY[sdk=iphoneos*]" = "iPhone Developer";
				COPY_PHASE_STRIP = NO;
				DEBUG_INFORMATION_FORMAT = dwarf;
				ENABLE_STRICT_OBJC_MSGSEND = YES;
				ENABLE_TESTABILITY = YES;
				GCC_C_LANGUAGE_STANDARD = gnu99;
				GCC_DYNAMIC_NO_PIC = NO;
				GCC_NO_COMMON_BLOCKS = YES;
				GCC_OPTIMIZATION_LEVEL = 0;
				GCC_PREPROCESSOR_DEFINITIONS = (
					"DEBUG=1",
					"$(inherited)",
				);
				GCC_WARN_64_TO_32_BIT_CONVERSION = YES;
				GCC_WARN_ABOUT_RETURN_TYPE = YES_ERROR;
				GCC_WARN_UNDECLARED_SELECTOR = YES;
				GCC_WARN_UNINITIALIZED_AUTOS = YES_AGGRESSIVE;
				GCC_WARN_UNUSED_FUNCTION = YES;
				GCC_WARN_UNUSED_VARIABLE = YES;
				IPHONEOS_DEPLOYMENT_TARGET = 6.0;
				MTL_ENABLE_DEBUG_INFO = YES;
				ONLY_ACTIVE_ARCH = YES;
				SDKROOT = iphoneos;
			};
			name = Debug;
		};
		422EE7091C1E553300EB76D4 /* Release */ = {
			isa = XCBuildConfiguration;
			buildSettings = {
				ALWAYS_SEARCH_USER_PATHS = NO;
				CLANG_CXX_LANGUAGE_STANDARD = "gnu++0x";
				CLANG_CXX_LIBRARY = "libc++";
				CLANG_ENABLE_MODULES = YES;
				CLANG_ENABLE_OBJC_ARC = YES;
				CLANG_WARN_BOOL_CONVERSION = YES;
				CLANG_WARN_CONSTANT_CONVERSION = YES;
				CLANG_WARN_DIRECT_OBJC_ISA_USAGE = YES_ERROR;
				CLANG_WARN_EMPTY_BODY = YES;
				CLANG_WARN_ENUM_CONVERSION = YES;
				CLANG_WARN_INT_CONVERSION = YES;
				CLANG_WARN_OBJC_ROOT_CLASS = YES_ERROR;
				CLANG_WARN_UNREACHABLE_CODE = YES;
				CLANG_WARN__DUPLICATE_METHOD_MATCH = YES;
				"CODE_SIGN_IDENTITY[sdk=iphoneos*]" = "iPhone Developer";
				COPY_PHASE_STRIP = NO;
				DEBUG_INFORMATION_FORMAT = "dwarf-with-dsym";
				ENABLE_NS_ASSERTIONS = NO;
				ENABLE_STRICT_OBJC_MSGSEND = YES;
				GCC_C_LANGUAGE_STANDARD = gnu99;
				GCC_NO_COMMON_BLOCKS = YES;
				GCC_WARN_64_TO_32_BIT_CONVERSION = YES;
				GCC_WARN_ABOUT_RETURN_TYPE = YES_ERROR;
				GCC_WARN_UNDECLARED_SELECTOR = YES;
				GCC_WARN_UNINITIALIZED_AUTOS = YES_AGGRESSIVE;
				GCC_WARN_UNUSED_FUNCTION = YES;
				GCC_WARN_UNUSED_VARIABLE = YES;
				IPHONEOS_DEPLOYMENT_TARGET = 6.0;
				MTL_ENABLE_DEBUG_INFO = NO;
				SDKROOT = iphoneos;
				VALIDATE_PRODUCT = YES;
			};
			name = Release;
		};
		422EE70B1C1E553300EB76D4 /* Debug */ = {
			isa = XCBuildConfiguration;
			buildSettings = {
				CONFIGURATION_BUILD_DIR = "$(SRCROOT)/uexUnionPay";
				FRAMEWORK_SEARCH_PATHS = (
					"$(inherited)",
					"$(PROJECT_DIR)/EUExUnionPay/sourceCode",
				);
				LIBRARY_SEARCH_PATHS = (
					"$(inherited)",
					"$(PROJECT_DIR)/EUExUnionPay/sourceCode/libs",
				);
				OTHER_LDFLAGS = "-ObjC";
				PRODUCT_MODULE_NAME = uexUnionPay;
				PRODUCT_NAME = uexUnionPay;
				SKIP_INSTALL = YES;
			};
			name = Debug;
		};
		422EE70C1C1E553300EB76D4 /* Release */ = {
			isa = XCBuildConfiguration;
			buildSettings = {
				CONFIGURATION_BUILD_DIR = "$(SRCROOT)/uexUnionPay";
				FRAMEWORK_SEARCH_PATHS = (
					"$(inherited)",
					"$(PROJECT_DIR)/EUExUnionPay/sourceCode",
				);
				LIBRARY_SEARCH_PATHS = (
					"$(inherited)",
					"$(PROJECT_DIR)/EUExUnionPay/sourceCode/libs",
				);
				OTHER_LDFLAGS = "-ObjC";
				PRODUCT_MODULE_NAME = uexUnionPay;
				PRODUCT_NAME = uexUnionPay;
				SKIP_INSTALL = YES;
			};
			name = Release;
		};
/* End XCBuildConfiguration section */

/* Begin XCConfigurationList section */
		422EE6FC1C1E553300EB76D4 /* Build configuration list for PBXProject "EUExUnionPay" */ = {
			isa = XCConfigurationList;
			buildConfigurations = (
				422EE7081C1E553300EB76D4 /* Debug */,
				422EE7091C1E553300EB76D4 /* Release */,
			);
			defaultConfigurationIsVisible = 0;
			defaultConfigurationName = Release;
		};
		422EE70A1C1E553300EB76D4 /* Build configuration list for PBXNativeTarget "EUExUnionPay" */ = {
			isa = XCConfigurationList;
			buildConfigurations = (
				422EE70B1C1E553300EB76D4 /* Debug */,
				422EE70C1C1E553300EB76D4 /* Release */,
			);
			defaultConfigurationIsVisible = 0;
			defaultConfigurationName = Release;
		};
/* End XCConfigurationList section */
	};
	rootObject = 422EE6F91C1E553300EB76D4 /* Project object */;
}
